
Microsoft Visual Studio Solution File, Format Version 12.00
# Visual Studio Version 17
VisualStudioVersion = 17.0.32112.339
MinimumVisualStudioVersion = 10.0.40219.1
Project("{FAE04EC0-301F-11D3-BF4B-00C04F79EFBC}") = "AplicationTestMacroPay", "AplicationTestMacroPay\AplicationTestMacroPay.csproj", "{7F33810F-30E1-42BC-8AEE-5E0D01054EC1}"
EndProject
Global
	GlobalSection(SolutionConfigurationPlatforms) = preSolution
		Debug|Any CPU = Debug|Any CPU
		Release|Any CPU = Release|Any CPU
	EndGlobalSection
	GlobalSection(ProjectConfigurationPlatforms) = postSolution
		{7F33810F-30E1-42BC-8AEE-5E0D01054EC1}.Debug|Any CPU.ActiveCfg = Debug|Any CPU
		{7F33810F-30E1-42BC-8AEE-5E0D01054EC1}.Debug|Any CPU.Build.0 = Debug|Any CPU
		{7F33810F-30E1-42BC-8AEE-5E0D01054EC1}.Release|Any CPU.ActiveCfg = Release|Any CPU
		{7F33810F-30E1-42BC-8AEE-5E0D01054EC1}.Release|Any CPU.Build.0 = Release|Any CPU
	EndGlobalSection
	GlobalSection(SolutionProperties) = preSolution
		HideSolutionNode = FALSE
	EndGlobalSection
	GlobalSection(ExtensibilityGlobals) = postSolution
		SolutionGuid = {838CE943-DC9E-473D-91E5-1C507F040D20}
	EndGlobalSection
EndGlobal
